
Microsoft Visual Studio Solution File, Format Version 12.00
# Visual Studio Version 17
VisualStudioVersion = 17.5.33414.496
MinimumVisualStudioVersion = 10.0.40219.1
Project("{FAE04EC0-301F-11D3-BF4B-00C04F79EFBC}") = "liuhe", "liuhe.csproj", "{B7035671-40A8-4354-A4E8-1D802572733B}"
EndProject
Global
	GlobalSection(SolutionConfigurationPlatforms) = preSolution
		Debug|Any CPU = Debug|Any CPU
		Release|Any CPU = Release|Any CPU
	EndGlobalSection
	GlobalSection(ProjectConfigurationPlatforms) = postSolution
		{B7035671-40A8-4354-A4E8-1D802572733B}.Debug|Any CPU.ActiveCfg = Debug|Any CPU
		{B7035671-40A8-4354-A4E8-1D802572733B}.Debug|Any CPU.Build.0 = Debug|Any CPU
		{B7035671-40A8-4354-A4E8-1D802572733B}.Release|Any CPU.ActiveCfg = Release|Any CPU
		{B7035671-40A8-4354-A4E8-1D802572733B}.Release|Any CPU.Build.0 = Release|Any CPU
	EndGlobalSection
	GlobalSection(SolutionProperties) = preSolution
		HideSolutionNode = FALSE
	EndGlobalSection
	GlobalSection(ExtensibilityGlobals) = postSolution
		SolutionGuid = {45043211-781D-4C23-9CDD-07D1BEF4BB8C}
	EndGlobalSection
EndGlobal
