
Microsoft Visual Studio Solution File, Format Version 12.00
# Visual Studio Version 17
VisualStudioVersion = 17.5.33414.496
MinimumVisualStudioVersion = 10.0.40219.1
Project("{FAE04EC0-301F-11D3-BF4B-00C04F79EFBC}") = "串口调试助手", "串口调试助手.csproj", "{61A02C76-24FD-4FF6-A08B-DF037CE6656E}"
EndProject
Global
	GlobalSection(SolutionConfigurationPlatforms) = preSolution
		Debug|Any CPU = Debug|Any CPU
		Release|Any CPU = Release|Any CPU
	EndGlobalSection
	GlobalSection(ProjectConfigurationPlatforms) = postSolution
		{61A02C76-24FD-4FF6-A08B-DF037CE6656E}.Debug|Any CPU.ActiveCfg = Debug|Any CPU
		{61A02C76-24FD-4FF6-A08B-DF037CE6656E}.Debug|Any CPU.Build.0 = Debug|Any CPU
		{61A02C76-24FD-4FF6-A08B-DF037CE6656E}.Release|Any CPU.ActiveCfg = Release|Any CPU
		{61A02C76-24FD-4FF6-A08B-DF037CE6656E}.Release|Any CPU.Build.0 = Release|Any CPU
	EndGlobalSection
	GlobalSection(SolutionProperties) = preSolution
		HideSolutionNode = FALSE
	EndGlobalSection
	GlobalSection(ExtensibilityGlobals) = postSolution
		SolutionGuid = {BB9AD547-C666-4247-AAD8-E4637B93B8D7}
	EndGlobalSection
EndGlobal
